
Microsoft Visual Studio Solution File, Format Version 12.00
# Visual Studio Version 17
VisualStudioVersion = 17.3.32519.111
MinimumVisualStudioVersion = 10.0.40219.1
Project("{FAE04EC0-301F-11D3-BF4B-00C04F79EFBC}") = "Notes.API", "Notes.API\Notes.API.csproj", "{35A4A538-C96C-425A-BFEF-CC25D0CBF37E}"
EndProject
Global
	GlobalSection(SolutionConfigurationPlatforms) = preSolution
		Debug|Any CPU = Debug|Any CPU
		Release|Any CPU = Release|Any CPU
	EndGlobalSection
	GlobalSection(ProjectConfigurationPlatforms) = postSolution
		{35A4A538-C96C-425A-BFEF-CC25D0CBF37E}.Debug|Any CPU.ActiveCfg = Debug|Any CPU
		{35A4A538-C96C-425A-BFEF-CC25D0CBF37E}.Debug|Any CPU.Build.0 = Debug|Any CPU
		{35A4A538-C96C-425A-BFEF-CC25D0CBF37E}.Release|Any CPU.ActiveCfg = Release|Any CPU
		{35A4A538-C96C-425A-BFEF-CC25D0CBF37E}.Release|Any CPU.Build.0 = Release|Any CPU
	EndGlobalSection
	GlobalSection(SolutionProperties) = preSolution
		HideSolutionNode = FALSE
	EndGlobalSection
	GlobalSection(ExtensibilityGlobals) = postSolution
		SolutionGuid = {AE3C8A1D-AD0E-468F-81B8-ECCD62F18952}
	EndGlobalSection
EndGlobal
